
Microsoft Visual Studio Solution File, Format Version 12.00
# Visual Studio 15
VisualStudioVersion = 15.0.27428.2002
MinimumVisualStudioVersion = 10.0.40219.1
Project("{8BC9CEB8-8B4A-11D0-8D11-00A0C91BC942}") = "GoBang", "GoBang.vcxproj", "{A8BB815D-6CBC-3C1F-85E3-65D7634D9D65}"
EndProject
Global
	GlobalSection(SolutionConfigurationPlatforms) = preSolution
		Debug|x64 = Debug|x64
		Debug|x86 = Debug|x86
		Release|x64 = Release|x64
		Release|x86 = Release|x86
	EndGlobalSection
	GlobalSection(ProjectConfigurationPlatforms) = postSolution
		{A8BB815D-6CBC-3C1F-85E3-65D7634D9D65}.Debug|x64.ActiveCfg = Debug|x64
		{A8BB815D-6CBC-3C1F-85E3-65D7634D9D65}.Debug|x64.Build.0 = Debug|x64
		{A8BB815D-6CBC-3C1F-85E3-65D7634D9D65}.Debug|x86.ActiveCfg = Debug|x64
		{A8BB815D-6CBC-3C1F-85E3-65D7634D9D65}.Release|x64.ActiveCfg = Release|x64
		{A8BB815D-6CBC-3C1F-85E3-65D7634D9D65}.Release|x64.Build.0 = Release|x64
		{A8BB815D-6CBC-3C1F-85E3-65D7634D9D65}.Release|x86.ActiveCfg = Release|x64
	EndGlobalSection
	GlobalSection(SolutionProperties) = preSolution
		HideSolutionNode = FALSE
	EndGlobalSection
	GlobalSection(ExtensibilityGlobals) = postSolution
		SolutionGuid = {CCEC8F60-C588-48FD-AE5E-F3AE745DC9E2}
	EndGlobalSection
EndGlobal
